
Microsoft Visual Studio Solution File, Format Version 12.00
# Visual Studio Version 17
VisualStudioVersion = 17.11.35222.181
MinimumVisualStudioVersion = 10.0.40219.1
Project("{9A19103F-16F7-4668-BE54-9A1E7A4F7556}") = "WNYKDotNetCore.ConsoleApp", "WNYKDotNetCore.ConsoleApp\WNYKDotNetCore.ConsoleApp.csproj", "{37B19274-36AF-4F91-8E3F-9A79EC138D95}"
EndProject
Project("{2150E333-8FDC-42A3-9474-1A3956D46DE8}") = "Documents", "Documents", "{BEF57CC8-37F0-40E3-904C-FEBD9B84E345}"
	ProjectSection(SolutionItems) = preProject
		README.md = README.md
	EndProjectSection
EndProject
Global
	GlobalSection(SolutionConfigurationPlatforms) = preSolution
		Debug|Any CPU = Debug|Any CPU
		Release|Any CPU = Release|Any CPU
	EndGlobalSection
	GlobalSection(ProjectConfigurationPlatforms) = postSolution
		{37B19274-36AF-4F91-8E3F-9A79EC138D95}.Debug|Any CPU.ActiveCfg = Debug|Any CPU
		{37B19274-36AF-4F91-8E3F-9A79EC138D95}.Debug|Any CPU.Build.0 = Debug|Any CPU
		{37B19274-36AF-4F91-8E3F-9A79EC138D95}.Release|Any CPU.ActiveCfg = Release|Any CPU
		{37B19274-36AF-4F91-8E3F-9A79EC138D95}.Release|Any CPU.Build.0 = Release|Any CPU
	EndGlobalSection
	GlobalSection(SolutionProperties) = preSolution
		HideSolutionNode = FALSE
	EndGlobalSection
	GlobalSection(ExtensibilityGlobals) = postSolution
		SolutionGuid = {8FF958AB-26D3-4E65-BB56-342FA38320D3}
	EndGlobalSection
EndGlobal
